
Microsoft Visual Studio Solution File, Format Version 12.00
# Visual Studio 14
VisualStudioVersion = 14.0.24720.0
MinimumVisualStudioVersion = 10.0.40219.1
Project("{FAE04EC0-301F-11D3-BF4B-00C04F79EFBC}") = "Mighty M-Editor", "Mighty M-Editor\Mighty M-Editor.csproj", "{8EC54B6F-62F7-4BDB-B6EA-D3F875B5BBBA}"
EndProject
Project("{FAE04EC0-301F-11D3-BF4B-00C04F79EFBC}") = "Mighty M-Helper", "Mighty M-Helper\Mighty M-Helper.csproj", "{BA6C2EDD-D241-482A-AFF5-EF3B406F8571}"
EndProject
Global
	GlobalSection(SolutionConfigurationPlatforms) = preSolution
		Debug|Any CPU = Debug|Any CPU
		Release|Any CPU = Release|Any CPU
	EndGlobalSection
	GlobalSection(ProjectConfigurationPlatforms) = postSolution
		{8EC54B6F-62F7-4BDB-B6EA-D3F875B5BBBA}.Debug|Any CPU.ActiveCfg = Debug|Any CPU
		{8EC54B6F-62F7-4BDB-B6EA-D3F875B5BBBA}.Debug|Any CPU.Build.0 = Debug|Any CPU
		{8EC54B6F-62F7-4BDB-B6EA-D3F875B5BBBA}.Release|Any CPU.ActiveCfg = Release|Any CPU
		{8EC54B6F-62F7-4BDB-B6EA-D3F875B5BBBA}.Release|Any CPU.Build.0 = Release|Any CPU
		{BA6C2EDD-D241-482A-AFF5-EF3B406F8571}.Debug|Any CPU.ActiveCfg = Debug|Any CPU
		{BA6C2EDD-D241-482A-AFF5-EF3B406F8571}.Debug|Any CPU.Build.0 = Debug|Any CPU
		{BA6C2EDD-D241-482A-AFF5-EF3B406F8571}.Release|Any CPU.ActiveCfg = Release|Any CPU
		{BA6C2EDD-D241-482A-AFF5-EF3B406F8571}.Release|Any CPU.Build.0 = Release|Any CPU
	EndGlobalSection
	GlobalSection(SolutionProperties) = preSolution
		HideSolutionNode = FALSE
	EndGlobalSection
EndGlobal
